# THIS IS AN AUTOGENERATED FILE. DO NOT EDIT THIS FILE DIRECTLY.
# yarn lockfile v1


gsap@^3.13.0:
  version "3.13.0"
  resolved "https://registry.yarnpkg.com/gsap/-/gsap-3.13.0.tgz#597d4e019a2bb487785387d91296adebf92db9dd"
  integrity sha512-QL7MJ2WMjm1PHWsoFrAQH/J8wUeqZvMtHO58qdekHpCfhvhSL4gSiz6vJf5EeMP0LOn3ZCprL2ki/gjED8ghVw==
